// !$*UTF8*$!
{
	archiveVersion = 1;
	classes = {
	};
	objectVersion = 46;
	objects = {

/* Begin PBXBuildFile section */
		78BBD8951AE3D8A8003C7121 /* main.m in Sources */ = {isa = PBXBuildFile; fileRef = 78BBD8941AE3D8A8003C7121 /* main.m */; };
		78BBD8981AE3D8A8003C7121 /* AppDelegate.m in Sources */ = {isa = PBXBuildFile; fileRef = 78BBD8971AE3D8A8003C7121 /* AppDelegate.m */; };
		78BBD89B1AE3D8A8003C7121 /* MasterViewController.m in Sources */ = {isa = PBXBuildFile; fileRef = 78BBD89A1AE3D8A8003C7121 /* MasterViewController.m */; };
		78BBD89E1AE3D8A8003C7121 /* DetailViewController.m in Sources */ = {isa = PBXBuildFile; fileRef = 78BBD89D1AE3D8A8003C7121 /* DetailViewController.m */; };
		78BBD8A11AE3D8A8003C7121 /* Main.storyboard in Resources */ = {isa = PBXBuildFile; fileRef = 78BBD89F1AE3D8A8003C7121 /* Main.storyboard */; };
		78BBD8A31AE3D8A8003C7121 /* Images.xcassets in Resources */ = {isa = PBXBuildFile; fileRef = 78BBD8A21AE3D8A8003C7121 /* Images.xcassets */; };
		78BBD8A61AE3D8A8003C7121 /* LaunchScreen.xib in Resources */ = {isa = PBXBuildFile; fileRef = 78BBD8A41AE3D8A8003C7121 /* LaunchScreen.xib */; };
		78BBD8B21AE3D8A9003C7121 /* MyRewardCardsTests.m in Sources */ = {isa = PBXBuildFile; fileRef = 78BBD8B11AE3D8A9003C7121 /* MyRewardCardsTests.m */; };
		78D21D0E1B23F95100D3BA92 /* MyCard.m in Sources */ = {isa = PBXBuildFile; fileRef = 78D21D0D1B23F95100D3BA92 /* MyCard.m */; };
		78D21D111B24242500D3BA92 /* MyConstants.m in Sources */ = {isa = PBXBuildFile; fileRef = 78D21D101B24242500D3BA92 /* MyConstants.m */; };
/* End PBXBuildFile section */

/* Begin PBXContainerItemProxy section */
		78BBD8AC1AE3D8A8003C7121 /* PBXContainerItemProxy */ = {
			isa = PBXContainerItemProxy;
			containerPortal = 78BBD8871AE3D8A8003C7121 /* Project object */;
			proxyType = 1;
			remoteGlobalIDString = 78BBD88E1AE3D8A8003C7121;
			remoteInfo = MyRewardCards;
		};
/* End PBXContainerItemProxy section */

/* Begin PBXFileReference section */
		78BBD88F1AE3D8A8003C7121 /* MyRewardCards.app */ = {isa = PBXFileReference; explicitFileType = wrapper.application; includeInIndex = 0; path = MyRewardCards.app; sourceTree = BUILT_PRODUCTS_DIR; };
		78BBD8931AE3D8A8003C7121 /* Info.plist */ = {isa = PBXFileReference; lastKnownFileType = text.plist.xml; path = Info.plist; sourceTree = "<group>"; };
		78BBD8941AE3D8A8003C7121 /* main.m */ = {isa = PBXFileReference; lastKnownFileType = sourcecode.c.objc; path = main.m; sourceTree = "<group>"; };
		78BBD8961AE3D8A8003C7121 /* AppDelegate.h */ = {isa = PBXFileReference; lastKnownFileType = sourcecode.c.h; path = AppDelegate.h; sourceTree = "<group>"; };
		78BBD8971AE3D8A8003C7121 /* AppDelegate.m */ = {isa = PBXFileReference; lastKnownFileType = sourcecode.c.objc; path = AppDelegate.m; sourceTree = "<group>"; };
		78BBD8991AE3D8A8003C7121 /* MasterViewController.h */ = {isa = PBXFileReference; lastKnownFileType = sourcecode.c.h; path = MasterViewController.h; sourceTree = "<group>"; };
		78BBD89A1AE3D8A8003C7121 /* MasterViewController.m */ = {isa = PBXFileReference; lastKnownFileType = sourcecode.c.objc; path = MasterViewController.m; sourceTree = "<group>"; };
		78BBD89C1AE3D8A8003C7121 /* DetailViewController.h */ = {isa = PBXFileReference; lastKnownFileType = sourcecode.c.h; path = DetailViewController.h; sourceTree = "<group>"; };
		78BBD89D1AE3D8A8003C7121 /* DetailViewController.m */ = {isa = PBXFileReference; lastKnownFileType = sourcecode.c.objc; path = DetailViewController.m; sourceTree = "<group>"; };
		78BBD8A01AE3D8A8003C7121 /* Base */ = {isa = PBXFileReference; lastKnownFileType = file.storyboard; name = Base; path = Base.lproj/Main.storyboard; sourceTree = "<group>"; };
		78BBD8A21AE3D8A8003C7121 /* Images.xcassets */ = {isa = PBXFileReference; lastKnownFileType = folder.assetcatalog; path = Images.xcassets; sourceTree = "<group>"; };
		78BBD8A51AE3D8A8003C7121 /* Base */ = {isa = PBXFileReference; lastKnownFileType = file.xib; name = Base; path = Base.lproj/LaunchScreen.xib; sourceTree = "<group>"; };
		78BBD8AB1AE3D8A8003C7121 /* MyRewardCardsTests.xctest */ = {isa = PBXFileReference; explicitFileType = wrapper.cfbundle; includeInIndex = 0; path = MyRewardCardsTests.xctest; sourceTree = BUILT_PRODUCTS_DIR; };
		78BBD8B01AE3D8A9003C7121 /* Info.plist */ = {isa = PBXFileReference; lastKnownFileType = text.plist.xml; path = Info.plist; sourceTree = "<group>"; };
		78BBD8B11AE3D8A9003C7121 /* MyRewardCardsTests.m */ = {isa = PBXFileReference; lastKnownFileType = sourcecode.c.objc; path = MyRewardCardsTests.m; sourceTree = "<group>"; };
		78D21D0C1B23F95100D3BA92 /* MyCard.h */ = {isa = PBXFileReference; fileEncoding = 4; lastKnownFileType = sourcecode.c.h; path = MyCard.h; sourceTree = "<group>"; };
		78D21D0D1B23F95100D3BA92 /* MyCard.m */ = {isa = PBXFileReference; fileEncoding = 4; lastKnownFileType = sourcecode.c.objc; path = MyCard.m; sourceTree = "<group>"; };
		78D21D0F1B24239F00D3BA92 /* PrefixHeader.pch */ = {isa = PBXFileReference; lastKnownFileType = sourcecode.c.h; path = PrefixHeader.pch; sourceTree = "<group>"; };
		78D21D101B24242500D3BA92 /* MyConstants.m */ = {isa = PBXFileReference; fileEncoding = 4; lastKnownFileType = sourcecode.c.objc; path = MyConstants.m; sourceTree = "<group>"; };
		78D21D121B24243800D3BA92 /* MyConstants.h */ = {isa = PBXFileReference; lastKnownFileType = sourcecode.c.h; path = MyConstants.h; sourceTree = "<group>"; };
/* End PBXFileReference section */

/* Begin PBXFrameworksBuildPhase section */
		78BBD88C1AE3D8A8003C7121 /* Frameworks */ = {
			isa = PBXFrameworksBuildPhase;
			buildActionMask = 2147483647;
			files = (
			);
			runOnlyForDeploymentPostprocessing = 0;
		};
		78BBD8A81AE3D8A8003C7121 /* Frameworks */ = {
			isa = PBXFrameworksBuildPhase;
			buildActionMask = 2147483647;
			files = (
			);
			runOnlyForDeploymentPostprocessing = 0;
		};
/* End PBXFrameworksBuildPhase section */

/* Begin PBXGroup section */
		78BBD8861AE3D8A8003C7121 = {
			isa = PBXGroup;
			children = (
				78D21D121B24243800D3BA92 /* MyConstants.h */,
				78D21D101B24242500D3BA92 /* MyConstants.m */,
				78D21D0F1B24239F00D3BA92 /* PrefixHeader.pch */,
				78BBD8911AE3D8A8003C7121 /* MyRewardCards */,
				78BBD8AE1AE3D8A8003C7121 /* MyRewardCardsTests */,
				78BBD8901AE3D8A8003C7121 /* Products */,
			);
			sourceTree = "<group>";
		};
		78BBD8901AE3D8A8003C7121 /* Products */ = {
			isa = PBXGroup;
			children = (
				78BBD88F1AE3D8A8003C7121 /* MyRewardCards.app */,
				78BBD8AB1AE3D8A8003C7121 /* MyRewardCardsTests.xctest */,
			);
			name = Products;
			sourceTree = "<group>";
		};
		78BBD8911AE3D8A8003C7121 /* MyRewardCards */ = {
			isa = PBXGroup;
			children = (
				78BBD8961AE3D8A8003C7121 /* AppDelegate.h */,
				78BBD8971AE3D8A8003C7121 /* AppDelegate.m */,
				78BBD8991AE3D8A8003C7121 /* MasterViewController.h */,
				78BBD89A1AE3D8A8003C7121 /* MasterViewController.m */,
				78BBD89C1AE3D8A8003C7121 /* DetailViewController.h */,
				78BBD89D1AE3D8A8003C7121 /* DetailViewController.m */,
				78BBD89F1AE3D8A8003C7121 /* Main.storyboard */,
				78BBD8A21AE3D8A8003C7121 /* Images.xcassets */,
				78BBD8A41AE3D8A8003C7121 /* LaunchScreen.xib */,
				78BBD8921AE3D8A8003C7121 /* Supporting Files */,
				78D21D0C1B23F95100D3BA92 /* MyCard.h */,
				78D21D0D1B23F95100D3BA92 /* MyCard.m */,
			);
			path = MyRewardCards;
			sourceTree = "<group>";
		};
		78BBD8921AE3D8A8003C7121 /* Supporting Files */ = {
			isa = PBXGroup;
			children = (
				78BBD8931AE3D8A8003C7121 /* Info.plist */,
				78BBD8941AE3D8A8003C7121 /* main.m */,
			);
			name = "Supporting Files";
			sourceTree = "<group>";
		};
		78BBD8AE1AE3D8A8003C7121 /* MyRewardCardsTests */ = {
			isa = PBXGroup;
			children = (
				78BBD8B11AE3D8A9003C7121 /* MyRewardCardsTests.m */,
				78BBD8AF1AE3D8A9003C7121 /* Supporting Files */,
			);
			path = MyRewardCardsTests;
			sourceTree = "<group>";
		};
		78BBD8AF1AE3D8A9003C7121 /* Supporting Files */ = {
			isa = PBXGroup;
			children = (
				78BBD8B01AE3D8A9003C7121 /* Info.plist */,
			);
			name = "Supporting Files";
			sourceTree = "<group>";
		};
/* End PBXGroup section */

/* Begin PBXNativeTarget section */
		78BBD88E1AE3D8A8003C7121 /* MyRewardCards */ = {
			isa = PBXNativeTarget;
			buildConfigurationList = 78BBD8B51AE3D8A9003C7121 /* Build configuration list for PBXNativeTarget "MyRewardCards" */;
			buildPhases = (
				78BBD88B1AE3D8A8003C7121 /* Sources */,
				78BBD88C1AE3D8A8003C7121 /* Frameworks */,
				78BBD88D1AE3D8A8003C7121 /* Resources */,
			);
			buildRules = (
			);
			dependencies = (
			);
			name = MyRewardCards;
			productName = MyRewardCards;
			productReference = 78BBD88F1AE3D8A8003C7121 /* MyRewardCards.app */;
			productType = "com.apple.product-type.application";
		};
		78BBD8AA1AE3D8A8003C7121 /* MyRewardCardsTests */ = {
			isa = PBXNativeTarget;
			buildConfigurationList = 78BBD8B81AE3D8A9003C7121 /* Build configuration list for PBXNativeTarget "MyRewardCardsTests" */;
			buildPhases = (
				78BBD8A71AE3D8A8003C7121 /* Sources */,
				78BBD8A81AE3D8A8003C7121 /* Frameworks */,
				78BBD8A91AE3D8A8003C7121 /* Resources */,
			);
			buildRules = (
			);
			dependencies = (
				78BBD8AD1AE3D8A8003C7121 /* PBXTargetDependency */,
			);
			name = MyRewardCardsTests;
			productName = MyRewardCardsTests;
			productReference = 78BBD8AB1AE3D8A8003C7121 /* MyRewardCardsTests.xctest */;
			productType = "com.apple.product-type.bundle.unit-test";
		};
/* End PBXNativeTarget section */

/* Begin PBXProject section */
		78BBD8871AE3D8A8003C7121 /* Project object */ = {
			isa = PBXProject;
			attributes = {
				LastUpgradeCheck = 0630;
				ORGANIZATIONNAME = "Manjunath ";
				TargetAttributes = {
					78BBD88E1AE3D8A8003C7121 = {
						CreatedOnToolsVersion = 6.3;
					};
					78BBD8AA1AE3D8A8003C7121 = {
						CreatedOnToolsVersion = 6.3;
						TestTargetID = 78BBD88E1AE3D8A8003C7121;
					};
				};
			};
			buildConfigurationList = 78BBD88A1AE3D8A8003C7121 /* Build configuration list for PBXProject "MyRewardCards" */;
			compatibilityVersion = "Xcode 3.2";
			developmentRegion = English;
			hasScannedForEncodings = 0;
			knownRegions = (
				en,
				Base,
			);
			mainGroup = 78BBD8861AE3D8A8003C7121;
			productRefGroup = 78BBD8901AE3D8A8003C7121 /* Products */;
			projectDirPath = "";
			projectRoot = "";
			targets = (
				78BBD88E1AE3D8A8003C7121 /* MyRewardCards */,
				78BBD8AA1AE3D8A8003C7121 /* MyRewardCardsTests */,
			);
		};
/* End PBXProject section */

/* Begin PBXResourcesBuildPhase section */
		78BBD88D1AE3D8A8003C7121 /* Resources */ = {
			isa = PBXResourcesBuildPhase;
			buildActionMask = 2147483647;
			files = (
				78BBD8A11AE3D8A8003C7121 /* Main.storyboard in Resources */,
				78BBD8A61AE3D8A8003C7121 /* LaunchScreen.xib in Resources */,
				78BBD8A31AE3D8A8003C7121 /* Images.xcassets in Resources */,
			);
			runOnlyForDeploymentPostprocessing = 0;
		};
		78BBD8A91AE3D8A8003C7121 /* Resources */ = {
			isa = PBXResourcesBuildPhase;
			buildActionMask = 2147483647;
			files = (
			);
			runOnlyForDeploymentPostprocessing = 0;
		};
/* End PBXResourcesBuildPhase section */

/* Begin PBXSourcesBuildPhase section */
		78BBD88B1AE3D8A8003C7121 /* Sources */ = {
			isa = PBXSourcesBuildPhase;
			buildActionMask = 2147483647;
			files = (
				78D21D0E1B23F95100D3BA92 /* MyCard.m in Sources */,
				78BBD8981AE3D8A8003C7121 /* AppDelegate.m in Sources */,
				78BBD89B1AE3D8A8003C7121 /* MasterViewController.m in Sources */,
				78BBD8951AE3D8A8003C7121 /* main.m in Sources */,
				78BBD89E1AE3D8A8003C7121 /* DetailViewController.m in Sources */,
				78D21D111B24242500D3BA92 /* MyConstants.m in Sources */,
			);
			runOnlyForDeploymentPostprocessing = 0;
		};
		78BBD8A71AE3D8A8003C7121 /* Sources */ = {
			isa = PBXSourcesBuildPhase;
			buildActionMask = 2147483647;
			files = (
				78BBD8B21AE3D8A9003C7121 /* MyRewardCardsTests.m in Sources */,
			);
			runOnlyForDeploymentPostprocessing = 0;
		};
/* End PBXSourcesBuildPhase section */

/* Begin PBXTargetDependency section */
		78BBD8AD1AE3D8A8003C7121 /* PBXTargetDependency */ = {
			isa = PBXTargetDependency;
			target = 78BBD88E1AE3D8A8003C7121 /* MyRewardCards */;
			targetProxy = 78BBD8AC1AE3D8A8003C7121 /* PBXContainerItemProxy */;
		};
/* End PBXTargetDependency section */

/* Begin PBXVariantGroup section */
		78BBD89F1AE3D8A8003C7121 /* Main.storyboard */ = {
			isa = PBXVariantGroup;
			children = (
				78BBD8A01AE3D8A8003C7121 /* Base */,
			);
			name = Main.storyboard;
			sourceTree = "<group>";
		};
		78BBD8A41AE3D8A8003C7121 /* LaunchScreen.xib */ = {
			isa = PBXVariantGroup;
			children = (
				78BBD8A51AE3D8A8003C7121 /* Base */,
			);
			name = LaunchScreen.xib;
			sourceTree = "<group>";
		};
/* End PBXVariantGroup section */

/* Begin XCBuildConfiguration section */
		78BBD8B31AE3D8A9003C7121 /* Debug */ = {
			isa = XCBuildConfiguration;
			buildSettings = {
				ALWAYS_SEARCH_USER_PATHS = NO;
				CLANG_CXX_LANGUAGE_STANDARD = "gnu++0x";
				CLANG_CXX_LIBRARY = "libc++";
				CLANG_ENABLE_MODULES = YES;
				CLANG_ENABLE_OBJC_ARC = YES;
				CLANG_WARN_BOOL_CONVERSION = YES;
				CLANG_WARN_CONSTANT_CONVERSION = YES;
				CLANG_WARN_DIRECT_OBJC_ISA_USAGE = YES_ERROR;
				CLANG_WARN_EMPTY_BODY = YES;
				CLANG_WARN_ENUM_CONVERSION = YES;
				CLANG_WARN_INT_CONVERSION = YES;
				CLANG_WARN_OBJC_ROOT_CLASS = YES_ERROR;
				CLANG_WARN_UNREACHABLE_CODE = YES;
				CLANG_WARN__DUPLICATE_METHOD_MATCH = YES;
				"CODE_SIGN_IDENTITY[sdk=iphoneos*]" = "iPhone Developer";
				COPY_PHASE_STRIP = NO;
				DEBUG_INFORMATION_FORMAT = "dwarf-with-dsym";
				ENABLE_STRICT_OBJC_MSGSEND = YES;
				GCC_C_LANGUAGE_STANDARD = gnu99;
				GCC_DYNAMIC_NO_PIC = NO;
				GCC_NO_COMMON_BLOCKS = YES;
				GCC_OPTIMIZATION_LEVEL = 0;
				GCC_PREPROCESSOR_DEFINITIONS = (
					"DEBUG=1",
					"$(inherited)",
				);
				GCC_SYMBOLS_PRIVATE_EXTERN = NO;
				GCC_WARN_64_TO_32_BIT_CONVERSION = YES;
				GCC_WARN_ABOUT_RETURN_TYPE = YES_ERROR;
				GCC_WARN_UNDECLARED_SELECTOR = YES;
				GCC_WARN_UNINITIALIZED_AUTOS = YES_AGGRESSIVE;
				GCC_WARN_UNUSED_FUNCTION = YES;
				GCC_WARN_UNUSED_VARIABLE = YES;
				IPHONEOS_DEPLOYMENT_TARGET = 8.3;
				MTL_ENABLE_DEBUG_INFO = YES;
				ONLY_ACTIVE_ARCH = YES;
				SDKROOT = iphoneos;
				TARGETED_DEVICE_FAMILY = "1,2";
			};
			name = Debug;
		};
		78BBD8B41AE3D8A9003C7121 /* Release */ = {
			isa = XCBuildConfiguration;
			buildSettings = {
				ALWAYS_SEARCH_USER_PATHS = NO;
				CLANG_CXX_LANGUAGE_STANDARD = "gnu++0x";
				CLANG_CXX_LIBRARY = "libc++";
				CLANG_ENABLE_MODULES = YES;
				CLANG_ENABLE_OBJC_ARC = YES;
				CLANG_WARN_BOOL_CONVERSION = YES;
				CLANG_WARN_CONSTANT_CONVERSION = YES;
				CLANG_WARN_DIRECT_OBJC_ISA_USAGE = YES_ERROR;
				CLANG_WARN_EMPTY_BODY = YES;
				CLANG_WARN_ENUM_CONVERSION = YES;
				CLANG_WARN_INT_CONVERSION = YES;
				CLANG_WARN_OBJC_ROOT_CLASS = YES_ERROR;
				CLANG_WARN_UNREACHABLE_CODE = YES;
				CLANG_WARN__DUPLICATE_METHOD_MATCH = YES;
				"CODE_SIGN_IDENTITY[sdk=iphoneos*]" = "iPhone Developer";
				COPY_PHASE_STRIP = NO;
				DEBUG_INFORMATION_FORMAT = "dwarf-with-dsym";
				ENABLE_NS_ASSERTIONS = NO;
				ENABLE_STRICT_OBJC_MSGSEND = YES;
				GCC_C_LANGUAGE_STANDARD = gnu99;
				GCC_NO_COMMON_BLOCKS = YES;
				GCC_WARN_64_TO_32_BIT_CONVERSION = YES;
				GCC_WARN_ABOUT_RETURN_TYPE = YES_ERROR;
				GCC_WARN_UNDECLARED_SELECTOR = YES;
				GCC_WARN_UNINITIALIZED_AUTOS = YES_AGGRESSIVE;
				GCC_WARN_UNUSED_FUNCTION = YES;
				GCC_WARN_UNUSED_VARIABLE = YES;
				IPHONEOS_DEPLOYMENT_TARGET = 8.3;
				MTL_ENABLE_DEBUG_INFO = NO;
				SDKROOT = iphoneos;
				TARGETED_DEVICE_FAMILY = "1,2";
				VALIDATE_PRODUCT = YES;
			};
			name = Release;
		};
		78BBD8B61AE3D8A9003C7121 /* Debug */ = {
			isa = XCBuildConfiguration;
			buildSettings = {
				ASSETCATALOG_COMPILER_APPICON_NAME = AppIcon;
				GCC_PREFIX_HEADER = PrefixHeader.pch;
				INFOPLIST_FILE = MyRewardCards/Info.plist;
				LD_RUNPATH_SEARCH_PATHS = "$(inherited) @executable_path/Frameworks";
				PRODUCT_NAME = "$(TARGET_NAME)";
			};
			name = Debug;
		};
		78BBD8B71AE3D8A9003C7121 /* Release */ = {
			isa = XCBuildConfiguration;
			buildSettings = {
				ASSETCATALOG_COMPILER_APPICON_NAME = AppIcon;
				GCC_PREFIX_HEADER = PrefixHeader.pch;
				INFOPLIST_FILE = MyRewardCards/Info.plist;
				LD_RUNPATH_SEARCH_PATHS = "$(inherited) @executable_path/Frameworks";
				PRODUCT_NAME = "$(TARGET_NAME)";
			};
			name = Release;
		};
		78BBD8B91AE3D8A9003C7121 /* Debug */ = {
			isa = XCBuildConfiguration;
			buildSettings = {
				BUNDLE_LOADER = "$(TEST_HOST)";
				FRAMEWORK_SEARCH_PATHS = (
					"$(SDKROOT)/Developer/Library/Frameworks",
					"$(inherited)",
				);
				GCC_PREPROCESSOR_DEFINITIONS = (
					"DEBUG=1",
					"$(inherited)",
				);
				INFOPLIST_FILE = MyRewardCardsTests/Info.plist;
				LD_RUNPATH_SEARCH_PATHS = "$(inherited) @executable_path/Frameworks @loader_path/Frameworks";
				PRODUCT_NAME = "$(TARGET_NAME)";
				TEST_HOST = "$(BUILT_PRODUCTS_DIR)/MyRewardCards.app/MyRewardCards";
			};
			name = Debug;
		};
		78BBD8BA1AE3D8A9003C7121 /* Release */ = {
			isa = XCBuildConfiguration;
			buildSettings = {
				BUNDLE_LOADER = "$(TEST_HOST)";
				FRAMEWORK_SEARCH_PATHS = (
					"$(SDKROOT)/Developer/Library/Frameworks",
					"$(inherited)",
				);
				INFOPLIST_FILE = MyRewardCardsTests/Info.plist;
				LD_RUNPATH_SEARCH_PATHS = "$(inherited) @executable_path/Frameworks @loader_path/Frameworks";
				PRODUCT_NAME = "$(TARGET_NAME)";
				TEST_HOST = "$(BUILT_PRODUCTS_DIR)/MyRewardCards.app/MyRewardCards";
			};
			name = Release;
		};
/* End XCBuildConfiguration section */

/* Begin XCConfigurationList section */
		78BBD88A1AE3D8A8003C7121 /* Build configuration list for PBXProject "MyRewardCards" */ = {
			isa = XCConfigurationList;
			buildConfigurations = (
				78BBD8B31AE3D8A9003C7121 /* Debug */,
				78BBD8B41AE3D8A9003C7121 /* Release */,
			);
			defaultConfigurationIsVisible = 0;
			defaultConfigurationName = Release;
		};
		78BBD8B51AE3D8A9003C7121 /* Build configuration list for PBXNativeTarget "MyRewardCards" */ = {
			isa = XCConfigurationList;
			buildConfigurations = (
				78BBD8B61AE3D8A9003C7121 /* Debug */,
				78BBD8B71AE3D8A9003C7121 /* Release */,
			);
			defaultConfigurationIsVisible = 0;
			defaultConfigurationName = Release;
		};
		78BBD8B81AE3D8A9003C7121 /* Build configuration list for PBXNativeTarget "MyRewardCardsTests" */ = {
			isa = XCConfigurationList;
			buildConfigurations = (
				78BBD8B91AE3D8A9003C7121 /* Debug */,
				78BBD8BA1AE3D8A9003C7121 /* Release */,
			);
			defaultConfigurationIsVisible = 0;
			defaultConfigurationName = Release;
		};
/* End XCConfigurationList section */
	};
	rootObject = 78BBD8871AE3D8A8003C7121 /* Project object */;
}
